<?xml version="1.0" encoding="utf-8"?>
<Project ToolsVersion="4.0" xmlns="http://schemas.microsoft.com/developer/msbuild/2003">
  <ItemGroup>
    <Filter Include="include">
      <UniqueIdentifier>{eeccf75c-d704-4a8b-9282-f083ba4283a7}</UniqueIdentifier>
    </Filter>
    <Filter Include="lib">
      <UniqueIdentifier>{7f295f07-15f7-4000-81ea-c83f4ca91ca7}</UniqueIdentifier>
    </Filter>
    <Filter Include="src">
      <UniqueIdentifier>{0ae8cfa1-0e8f-4a72-9ea2-f8c1fc9b8970}</UniqueIdentifier>
    </Filter>
    <Filter Include="include\guisan">
      <UniqueIdentifier>{27c19eef-8ca1-41c3-a0b5-ef0f16bde5a7}</UniqueIdentifier>
    </Filter>
    <Filter Include="include\guisan\opengl">
      <UniqueIdentifier>{5fa33cfa-ffca-4f07-b5ca-3fca6db3dc91}</UniqueIdentifier>
    </Filter>
    <Filter Include="include\guisan\sdl">
      <UniqueIdentifier>{5227ba91-51a7-4209-9121-03505fdb08fc}</UniqueIdentifier>
    </Filter>
    <Filter Include="include\guisan\widgets">
      <UniqueIdentifier>{6248903a-d143-48ca-b3e9-48692f78ec08}</UniqueIdentifier>
    </Filter>
    <Filter Include="src\opengl">
      <UniqueIdentifier>{aee8cc37-3791-4194-98db-09124b276380}</UniqueIdentifier>
    </Filter>
    <Filter Include="src\sdl">
      <UniqueIdentifier>{4542cfd7-c089-47ed-825c-f4c219c7f45b}</UniqueIdentifier>
    </Filter>
    <Filter Include="src\widgets">
      <UniqueIdentifier>{52b5b3c9-6832-454a-b245-039fb824f16f}</UniqueIdentifier>
    </Filter>
  </ItemGroup>
  <ItemGroup>
    <None Include="..\..\guisan-dev\lib\.keep">
      <Filter>lib</Filter>
    </None>
    <None Include="..\..\guisan-dev\Makefile" />
  </ItemGroup>
  <ItemGroup>
    <ClInclude Include="..\..\guisan-dev\include\guisan.hpp">
      <Filter>include</Filter>
    </ClInclude>
    <ClInclude Include="..\..\guisan-dev\include\guisan\actionevent.hpp">
      <Filter>include\guisan</Filter>
    </ClInclude>
    <ClInclude Include="..\..\guisan-dev\include\guisan\actionlistener.hpp">
      <Filter>include\guisan</Filter>
    </ClInclude>
    <ClInclude Include="..\..\guisan-dev\include\guisan\basiccontainer.hpp">
      <Filter>include\guisan</Filter>
    </ClInclude>
    <ClInclude Include="..\..\guisan-dev\include\guisan\cliprectangle.hpp">
      <Filter>include\guisan</Filter>
    </ClInclude>
    <ClInclude Include="..\..\guisan-dev\include\guisan\color.hpp">
      <Filter>include\guisan</Filter>
    </ClInclude>
    <ClInclude Include="..\..\guisan-dev\include\guisan\deathlistener.hpp">
      <Filter>include\guisan</Filter>
    </ClInclude>
    <ClInclude Include="..\..\guisan-dev\include\guisan\defaultfont.hpp">
      <Filter>include\guisan</Filter>
    </ClInclude>
    <ClInclude Include="..\..\guisan-dev\include\guisan\event.hpp">
      <Filter>include\guisan</Filter>
    </ClInclude>
    <ClInclude Include="..\..\guisan-dev\include\guisan\exception.hpp">
      <Filter>include\guisan</Filter>
    </ClInclude>
    <ClInclude Include="..\..\guisan-dev\include\guisan\focushandler.hpp">
      <Filter>include\guisan</Filter>
    </ClInclude>
    <ClInclude Include="..\..\guisan-dev\include\guisan\focuslistener.hpp">
      <Filter>include\guisan</Filter>
    </ClInclude>
    <ClInclude Include="..\..\guisan-dev\include\guisan\font.hpp">
      <Filter>include\guisan</Filter>
    </ClInclude>
    <ClInclude Include="..\..\guisan-dev\include\guisan\genericinput.hpp">
      <Filter>include\guisan</Filter>
    </ClInclude>
    <ClInclude Include="..\..\guisan-dev\include\guisan\glut.hpp">
      <Filter>include\guisan</Filter>
    </ClInclude>
    <ClInclude Include="..\..\guisan-dev\include\guisan\graphics.hpp">
      <Filter>include\guisan</Filter>
    </ClInclude>
    <ClInclude Include="..\..\guisan-dev\include\guisan\gui.hpp">
      <Filter>include\guisan</Filter>
    </ClInclude>
    <ClInclude Include="..\..\guisan-dev\include\guisan\image.hpp">
      <Filter>include\guisan</Filter>
    </ClInclude>
    <ClInclude Include="..\..\guisan-dev\include\guisan\imagefont.hpp">
      <Filter>include\guisan</Filter>
    </ClInclude>
    <ClInclude Include="..\..\guisan-dev\include\guisan\imageloader.hpp">
      <Filter>include\guisan</Filter>
    </ClInclude>
    <ClInclude Include="..\..\guisan-dev\include\guisan\input.hpp">
      <Filter>include\guisan</Filter>
    </ClInclude>
    <ClInclude Include="..\..\guisan-dev\include\guisan\inputevent.hpp">
      <Filter>include\guisan</Filter>
    </ClInclude>
    <ClInclude Include="..\..\guisan-dev\include\guisan\key.hpp">
      <Filter>include\guisan</Filter>
    </ClInclude>
    <ClInclude Include="..\..\guisan-dev\include\guisan\keyevent.hpp">
      <Filter>include\guisan</Filter>
    </ClInclude>
    <ClInclude Include="..\..\guisan-dev\include\guisan\keyinput.hpp">
      <Filter>include\guisan</Filter>
    </ClInclude>
    <ClInclude Include="..\..\guisan-dev\include\guisan\keylistener.hpp">
      <Filter>include\guisan</Filter>
    </ClInclude>
    <ClInclude Include="..\..\guisan-dev\include\guisan\listmodel.hpp">
      <Filter>include\guisan</Filter>
    </ClInclude>
    <ClInclude Include="..\..\guisan-dev\include\guisan\mouseevent.hpp">
      <Filter>include\guisan</Filter>
    </ClInclude>
    <ClInclude Include="..\..\guisan-dev\include\guisan\mouseinput.hpp">
      <Filter>include\guisan</Filter>
    </ClInclude>
    <ClInclude Include="..\..\guisan-dev\include\guisan\mouselistener.hpp">
      <Filter>include\guisan</Filter>
    </ClInclude>
    <ClInclude Include="..\..\guisan-dev\include\guisan\opengl.hpp">
      <Filter>include\guisan</Filter>
    </ClInclude>
    <ClInclude Include="..\..\guisan-dev\include\guisan\platform.hpp">
      <Filter>include\guisan</Filter>
    </ClInclude>
    <ClInclude Include="..\..\guisan-dev\include\guisan\rectangle.hpp">
      <Filter>include\guisan</Filter>
    </ClInclude>
    <ClInclude Include="..\..\guisan-dev\include\guisan\sdl.hpp">
      <Filter>include\guisan</Filter>
    </ClInclude>
    <ClInclude Include="..\..\guisan-dev\include\guisan\selectionevent.hpp">
      <Filter>include\guisan</Filter>
    </ClInclude>
    <ClInclude Include="..\..\guisan-dev\include\guisan\selectionlistener.hpp">
      <Filter>include\guisan</Filter>
    </ClInclude>
    <ClInclude Include="..\..\guisan-dev\include\guisan\widget.hpp">
      <Filter>include\guisan</Filter>
    </ClInclude>
    <ClInclude Include="..\..\guisan-dev\include\guisan\widgetlistener.hpp">
      <Filter>include\guisan</Filter>
    </ClInclude>
    <ClInclude Include="..\..\guisan-dev\include\guisan\x.hpp">
      <Filter>include\guisan</Filter>
    </ClInclude>
    <ClInclude Include="..\..\guisan-dev\include\guisan\opengl\openglgraphics.hpp">
      <Filter>include\guisan\opengl</Filter>
    </ClInclude>
    <ClInclude Include="..\..\guisan-dev\include\guisan\opengl\openglimage.hpp">
      <Filter>include\guisan\opengl</Filter>
    </ClInclude>
    <ClInclude Include="..\..\guisan-dev\include\guisan\opengl\openglsdlimageloader.hpp">
      <Filter>include\guisan\opengl</Filter>
    </ClInclude>
    <ClInclude Include="..\..\guisan-dev\include\guisan\sdl\sdlgraphics.hpp">
      <Filter>include\guisan\sdl</Filter>
    </ClInclude>
    <ClInclude Include="..\..\guisan-dev\include\guisan\sdl\sdlimage.hpp">
      <Filter>include\guisan\sdl</Filter>
    </ClInclude>
    <ClInclude Include="..\..\guisan-dev\include\guisan\sdl\sdlimageloader.hpp">
      <Filter>include\guisan\sdl</Filter>
    </ClInclude>
    <ClInclude Include="..\..\guisan-dev\include\guisan\sdl\sdlinput.hpp">
      <Filter>include\guisan\sdl</Filter>
    </ClInclude>
    <ClInclude Include="..\..\guisan-dev\include\guisan\sdl\sdlpixel.hpp">
      <Filter>include\guisan\sdl</Filter>
    </ClInclude>
    <ClInclude Include="..\..\guisan-dev\include\guisan\sdl\sdltruetypefont.hpp">
      <Filter>include\guisan\sdl</Filter>
    </ClInclude>
    <ClInclude Include="..\..\guisan-dev\include\guisan\widgets\button.hpp">
      <Filter>include\guisan\widgets</Filter>
    </ClInclude>
    <ClInclude Include="..\..\guisan-dev\include\guisan\widgets\checkbox.hpp">
      <Filter>include\guisan\widgets</Filter>
    </ClInclude>
    <ClInclude Include="..\..\guisan-dev\include\guisan\widgets\container.hpp">
      <Filter>include\guisan\widgets</Filter>
    </ClInclude>
    <ClInclude Include="..\..\guisan-dev\include\guisan\widgets\dropdown.hpp">
      <Filter>include\guisan\widgets</Filter>
    </ClInclude>
    <ClInclude Include="..\..\guisan-dev\include\guisan\widgets\icon.hpp">
      <Filter>include\guisan\widgets</Filter>
    </ClInclude>
    <ClInclude Include="..\..\guisan-dev\include\guisan\widgets\imagebutton.hpp">
      <Filter>include\guisan\widgets</Filter>
    </ClInclude>
    <ClInclude Include="..\..\guisan-dev\include\guisan\widgets\label.hpp">
      <Filter>include\guisan\widgets</Filter>
    </ClInclude>
    <ClInclude Include="..\..\guisan-dev\include\guisan\widgets\listbox.hpp">
      <Filter>include\guisan\widgets</Filter>
    </ClInclude>
    <ClInclude Include="..\..\guisan-dev\include\guisan\widgets\radiobutton.hpp">
      <Filter>include\guisan\widgets</Filter>
    </ClInclude>
    <ClInclude Include="..\..\guisan-dev\include\guisan\widgets\scrollarea.hpp">
      <Filter>include\guisan\widgets</Filter>
    </ClInclude>
    <ClInclude Include="..\..\guisan-dev\include\guisan\widgets\slider.hpp">
      <Filter>include\guisan\widgets</Filter>
    </ClInclude>
    <ClInclude Include="..\..\guisan-dev\include\guisan\widgets\tab.hpp">
      <Filter>include\guisan\widgets</Filter>
    </ClInclude>
    <ClInclude Include="..\..\guisan-dev\include\guisan\widgets\tabbedarea.hpp">
      <Filter>include\guisan\widgets</Filter>
    </ClInclude>
    <ClInclude Include="..\..\guisan-dev\include\guisan\widgets\textbox.hpp">
      <Filter>include\guisan\widgets</Filter>
    </ClInclude>
    <ClInclude Include="..\..\guisan-dev\include\guisan\widgets\textfield.hpp">
      <Filter>include\guisan\widgets</Filter>
    </ClInclude>
    <ClInclude Include="..\..\guisan-dev\include\guisan\widgets\window.hpp">
      <Filter>include\guisan\widgets</Filter>
    </ClInclude>
    <ClInclude Include="..\..\guisan-dev\include\guisan\widgets\progressbar.hpp">
      <Filter>include\guisan\widgets</Filter>
    </ClInclude>
    <ClInclude Include="..\..\guisan-dev\include\guisan\widgets\imagetextbutton.hpp">
      <Filter>include\guisan\widgets</Filter>
    </ClInclude>
    <ClInclude Include="..\..\guisan-dev\include\guisan\widgets\inputbox.hpp">
      <Filter>include\guisan\widgets</Filter>
    </ClInclude>
    <ClInclude Include="..\..\guisan-dev\include\guisan\widgets\messagebox.hpp">
      <Filter>include\guisan\widgets</Filter>
    </ClInclude>
    <ClInclude Include="..\..\guisan-dev\include\guisan\sdl\sdl2graphics.hpp">
      <Filter>include\guisan\sdl</Filter>
    </ClInclude>
  </ItemGroup>
  <ItemGroup>
    <ClCompile Include="..\..\guisan-dev\src\actionevent.cpp">
      <Filter>src</Filter>
    </ClCompile>
    <ClCompile Include="..\..\guisan-dev\src\basiccontainer.cpp">
      <Filter>src</Filter>
    </ClCompile>
    <ClCompile Include="..\..\guisan-dev\src\cliprectangle.cpp">
      <Filter>src</Filter>
    </ClCompile>
    <ClCompile Include="..\..\guisan-dev\src\color.cpp">
      <Filter>src</Filter>
    </ClCompile>
    <ClCompile Include="..\..\guisan-dev\src\defaultfont.cpp">
      <Filter>src</Filter>
    </ClCompile>
    <ClCompile Include="..\..\guisan-dev\src\event.cpp">
      <Filter>src</Filter>
    </ClCompile>
    <ClCompile Include="..\..\guisan-dev\src\exception.cpp">
      <Filter>src</Filter>
    </ClCompile>
    <ClCompile Include="..\..\guisan-dev\src\focushandler.cpp">
      <Filter>src</Filter>
    </ClCompile>
    <ClCompile Include="..\..\guisan-dev\src\font.cpp">
      <Filter>src</Filter>
    </ClCompile>
    <ClCompile Include="..\..\guisan-dev\src\genericinput.cpp">
      <Filter>src</Filter>
    </ClCompile>
    <ClCompile Include="..\..\guisan-dev\src\graphics.cpp">
      <Filter>src</Filter>
    </ClCompile>
    <ClCompile Include="..\..\guisan-dev\src\gui.cpp">
      <Filter>src</Filter>
    </ClCompile>
    <ClCompile Include="..\..\guisan-dev\src\image.cpp">
      <Filter>src</Filter>
    </ClCompile>
    <ClCompile Include="..\..\guisan-dev\src\imagefont.cpp">
      <Filter>src</Filter>
    </ClCompile>
    <ClCompile Include="..\..\guisan-dev\src\inputevent.cpp">
      <Filter>src</Filter>
    </ClCompile>
    <ClCompile Include="..\..\guisan-dev\src\key.cpp">
      <Filter>src</Filter>
    </ClCompile>
    <ClCompile Include="..\..\guisan-dev\src\keyevent.cpp">
      <Filter>src</Filter>
    </ClCompile>
    <ClCompile Include="..\..\guisan-dev\src\keyinput.cpp">
      <Filter>src</Filter>
    </ClCompile>
    <ClCompile Include="..\..\guisan-dev\src\mouseevent.cpp">
      <Filter>src</Filter>
    </ClCompile>
    <ClCompile Include="..\..\guisan-dev\src\mouseinput.cpp">
      <Filter>src</Filter>
    </ClCompile>
    <ClCompile Include="..\..\guisan-dev\src\rectangle.cpp">
      <Filter>src</Filter>
    </ClCompile>
    <ClCompile Include="..\..\guisan-dev\src\selectionevent.cpp">
      <Filter>src</Filter>
    </ClCompile>
    <ClCompile Include="..\..\guisan-dev\src\widget.cpp">
      <Filter>src</Filter>
    </ClCompile>
    <ClCompile Include="..\..\guisan-dev\src\opengl\opengl.cpp">
      <Filter>src\opengl</Filter>
    </ClCompile>
    <ClCompile Include="..\..\guisan-dev\src\opengl\openglgraphics.cpp">
      <Filter>src\opengl</Filter>
    </ClCompile>
    <ClCompile Include="..\..\guisan-dev\src\opengl\openglimage.cpp">
      <Filter>src\opengl</Filter>
    </ClCompile>
    <ClCompile Include="..\..\guisan-dev\src\sdl\sdl.cpp">
      <Filter>src\sdl</Filter>
    </ClCompile>
    <ClCompile Include="..\..\guisan-dev\src\sdl\sdlgraphics.cpp">
      <Filter>src\sdl</Filter>
    </ClCompile>
    <ClCompile Include="..\..\guisan-dev\src\sdl\sdlimage.cpp">
      <Filter>src\sdl</Filter>
    </ClCompile>
    <ClCompile Include="..\..\guisan-dev\src\sdl\sdlimageloader.cpp">
      <Filter>src\sdl</Filter>
    </ClCompile>
    <ClCompile Include="..\..\guisan-dev\src\sdl\sdlinput.cpp">
      <Filter>src\sdl</Filter>
    </ClCompile>
    <ClCompile Include="..\..\guisan-dev\src\sdl\sdltruetypefont.cpp">
      <Filter>src\sdl</Filter>
    </ClCompile>
    <ClCompile Include="..\..\guisan-dev\src\widgets\button.cpp">
      <Filter>src\widgets</Filter>
    </ClCompile>
    <ClCompile Include="..\..\guisan-dev\src\widgets\checkbox.cpp">
      <Filter>src\widgets</Filter>
    </ClCompile>
    <ClCompile Include="..\..\guisan-dev\src\widgets\container.cpp">
      <Filter>src\widgets</Filter>
    </ClCompile>
    <ClCompile Include="..\..\guisan-dev\src\widgets\dropdown.cpp">
      <Filter>src\widgets</Filter>
    </ClCompile>
    <ClCompile Include="..\..\guisan-dev\src\widgets\icon.cpp">
      <Filter>src\widgets</Filter>
    </ClCompile>
    <ClCompile Include="..\..\guisan-dev\src\widgets\imagebutton.cpp">
      <Filter>src\widgets</Filter>
    </ClCompile>
    <ClCompile Include="..\..\guisan-dev\src\widgets\label.cpp">
      <Filter>src\widgets</Filter>
    </ClCompile>
    <ClCompile Include="..\..\guisan-dev\src\widgets\listbox.cpp">
      <Filter>src\widgets</Filter>
    </ClCompile>
    <ClCompile Include="..\..\guisan-dev\src\widgets\radiobutton.cpp">
      <Filter>src\widgets</Filter>
    </ClCompile>
    <ClCompile Include="..\..\guisan-dev\src\widgets\scrollarea.cpp">
      <Filter>src\widgets</Filter>
    </ClCompile>
    <ClCompile Include="..\..\guisan-dev\src\widgets\slider.cpp">
      <Filter>src\widgets</Filter>
    </ClCompile>
    <ClCompile Include="..\..\guisan-dev\src\widgets\tab.cpp">
      <Filter>src\widgets</Filter>
    </ClCompile>
    <ClCompile Include="..\..\guisan-dev\src\widgets\tabbedarea.cpp">
      <Filter>src\widgets</Filter>
    </ClCompile>
    <ClCompile Include="..\..\guisan-dev\src\widgets\textbox.cpp">
      <Filter>src\widgets</Filter>
    </ClCompile>
    <ClCompile Include="..\..\guisan-dev\src\widgets\textfield.cpp">
      <Filter>src\widgets</Filter>
    </ClCompile>
    <ClCompile Include="..\..\guisan-dev\src\widgets\window.cpp">
      <Filter>src\widgets</Filter>
    </ClCompile>
    <ClCompile Include="..\..\guisan-dev\src\widgets\progressbar.cpp">
      <Filter>src\widgets</Filter>
    </ClCompile>
    <ClCompile Include="..\..\guisan-dev\src\guisan.cpp">
      <Filter>src</Filter>
    </ClCompile>
    <ClCompile Include="..\..\guisan-dev\src\sdl\sdl2graphics.cpp">
      <Filter>src\sdl</Filter>
    </ClCompile>
  </ItemGroup>
</Project>