<?xml version="1.0" encoding="utf-8"?>
<Project ToolsVersion="4.0" xmlns="http://schemas.microsoft.com/developer/msbuild/2003">
  <ItemGroup>
    <Filter Include="Source files">
      <UniqueIdentifier>{f5296e0a-029c-48df-8602-bfaa9a5323b4}</UniqueIdentifier>
      <Extensions>cpp;c;cc;cxx;def;odl;idl;hpj;bat;asm;asmx</Extensions>
    </Filter>
    <Filter Include="Resource files">
      <UniqueIdentifier>{67df271e-9feb-49e4-8a09-10136b22cf53}</UniqueIdentifier>
      <Extensions>rc;ico;cur;bmp;dlg;rc2;rct;bin;rgs;gif;jpg;jpeg;jpe;resx;tiff;tif;png;wav</Extensions>
    </Filter>
    <Filter Include="VisualGDB settings">
      <UniqueIdentifier>{bf2ced4b-3c31-47dd-ad52-ed2ce362c913}</UniqueIdentifier>
    </Filter>
    <Filter Include="Source files\opengl">
      <UniqueIdentifier>{c587368c-05e4-4112-8fa3-b67623d469ff}</UniqueIdentifier>
    </Filter>
    <Filter Include="Source files\sdl">
      <UniqueIdentifier>{fe50fca5-4072-4832-bee8-1839308324d2}</UniqueIdentifier>
    </Filter>
    <Filter Include="Source files\widgets">
      <UniqueIdentifier>{bbd41029-30e0-4bf9-9217-2c5f3d9d847e}</UniqueIdentifier>
    </Filter>
    <Filter Include="Header files">
      <UniqueIdentifier>{265d2c93-6729-4454-9205-d32234995971}</UniqueIdentifier>
    </Filter>
    <Filter Include="Header files\guisan">
      <UniqueIdentifier>{cf6c4dda-c8e0-4f50-8a65-a8fbd9796c62}</UniqueIdentifier>
    </Filter>
    <Filter Include="Header files\guisan-dev\opengl">
      <UniqueIdentifier>{d8d6bb85-3423-4047-9b28-f08fc4969a77}</UniqueIdentifier>
    </Filter>
    <Filter Include="Header files\guisan-dev\sdl">
      <UniqueIdentifier>{cc2572e2-eafa-4be7-afdf-10cb5b4f9d08}</UniqueIdentifier>
    </Filter>
    <Filter Include="Header files\guisan-dev\widgets">
      <UniqueIdentifier>{8925d54e-e927-41ea-8347-a90faa63124b}</UniqueIdentifier>
    </Filter>
  </ItemGroup>
  <ItemGroup>
    <None Include="guisan-Debug.vgdbsettings">
      <Filter>VisualGDB settings</Filter>
    </None>
    <None Include="guisan-Release.vgdbsettings">
      <Filter>VisualGDB settings</Filter>
    </None>
  </ItemGroup>
  <ItemGroup>
    <ClCompile Include="..\..\guisan-dev\src\actionevent.cpp">
      <Filter>Source files</Filter>
    </ClCompile>
    <ClCompile Include="..\..\guisan-dev\src\basiccontainer.cpp">
      <Filter>Source files</Filter>
    </ClCompile>
    <ClCompile Include="..\..\guisan-dev\src\cliprectangle.cpp">
      <Filter>Source files</Filter>
    </ClCompile>
    <ClCompile Include="..\..\guisan-dev\src\color.cpp">
      <Filter>Source files</Filter>
    </ClCompile>
    <ClCompile Include="..\..\guisan-dev\src\defaultfont.cpp">
      <Filter>Source files</Filter>
    </ClCompile>
    <ClCompile Include="..\..\guisan-dev\src\event.cpp">
      <Filter>Source files</Filter>
    </ClCompile>
    <ClCompile Include="..\..\guisan-dev\src\exception.cpp">
      <Filter>Source files</Filter>
    </ClCompile>
    <ClCompile Include="..\..\guisan-dev\src\focushandler.cpp">
      <Filter>Source files</Filter>
    </ClCompile>
    <ClCompile Include="..\..\guisan-dev\src\font.cpp">
      <Filter>Source files</Filter>
    </ClCompile>
    <ClCompile Include="..\..\guisan-dev\src\genericinput.cpp">
      <Filter>Source files</Filter>
    </ClCompile>
    <ClCompile Include="..\..\guisan-dev\src\graphics.cpp">
      <Filter>Source files</Filter>
    </ClCompile>
    <ClCompile Include="..\..\guisan-dev\src\gui.cpp">
      <Filter>Source files</Filter>
    </ClCompile>
    <ClCompile Include="..\..\guisan-dev\src\guisan.cpp">
      <Filter>Source files</Filter>
    </ClCompile>
    <ClCompile Include="..\..\guisan-dev\src\image.cpp">
      <Filter>Source files</Filter>
    </ClCompile>
    <ClCompile Include="..\..\guisan-dev\src\imagefont.cpp">
      <Filter>Source files</Filter>
    </ClCompile>
    <ClCompile Include="..\..\guisan-dev\src\inputevent.cpp">
      <Filter>Source files</Filter>
    </ClCompile>
    <ClCompile Include="..\..\guisan-dev\src\key.cpp">
      <Filter>Source files</Filter>
    </ClCompile>
    <ClCompile Include="..\..\guisan-dev\src\keyevent.cpp">
      <Filter>Source files</Filter>
    </ClCompile>
    <ClCompile Include="..\..\guisan-dev\src\keyinput.cpp">
      <Filter>Source files</Filter>
    </ClCompile>
    <ClCompile Include="..\..\guisan-dev\src\mouseevent.cpp">
      <Filter>Source files</Filter>
    </ClCompile>
    <ClCompile Include="..\..\guisan-dev\src\mouseinput.cpp">
      <Filter>Source files</Filter>
    </ClCompile>
    <ClCompile Include="..\..\guisan-dev\src\rectangle.cpp">
      <Filter>Source files</Filter>
    </ClCompile>
    <ClCompile Include="..\..\guisan-dev\src\selectionevent.cpp">
      <Filter>Source files</Filter>
    </ClCompile>
    <ClCompile Include="..\..\guisan-dev\src\widget.cpp">
      <Filter>Source files</Filter>
    </ClCompile>
    <ClCompile Include="..\..\guisan-dev\src\opengl\opengl.cpp">
      <Filter>Source files\opengl</Filter>
    </ClCompile>
    <ClCompile Include="..\..\guisan-dev\src\opengl\openglgraphics.cpp">
      <Filter>Source files\opengl</Filter>
    </ClCompile>
    <ClCompile Include="..\..\guisan-dev\src\opengl\openglimage.cpp">
      <Filter>Source files\opengl</Filter>
    </ClCompile>
    <ClCompile Include="..\..\guisan-dev\src\sdl\sdl.cpp">
      <Filter>Source files\sdl</Filter>
    </ClCompile>
    <ClCompile Include="..\..\guisan-dev\src\sdl\sdlgraphics.cpp">
      <Filter>Source files\sdl</Filter>
    </ClCompile>
    <ClCompile Include="..\..\guisan-dev\src\sdl\sdlimage.cpp">
      <Filter>Source files\sdl</Filter>
    </ClCompile>
    <ClCompile Include="..\..\guisan-dev\src\sdl\sdlimageloader.cpp">
      <Filter>Source files\sdl</Filter>
    </ClCompile>
    <ClCompile Include="..\..\guisan-dev\src\sdl\sdlinput.cpp">
      <Filter>Source files\sdl</Filter>
    </ClCompile>
    <ClCompile Include="..\..\guisan-dev\src\sdl\sdltruetypefont.cpp">
      <Filter>Source files\sdl</Filter>
    </ClCompile>
    <ClCompile Include="..\..\guisan-dev\src\widgets\button.cpp">
      <Filter>Source files\widgets</Filter>
    </ClCompile>
    <ClCompile Include="..\..\guisan-dev\src\widgets\checkbox.cpp">
      <Filter>Source files\widgets</Filter>
    </ClCompile>
    <ClCompile Include="..\..\guisan-dev\src\widgets\container.cpp">
      <Filter>Source files\widgets</Filter>
    </ClCompile>
    <ClCompile Include="..\..\guisan-dev\src\widgets\dropdown.cpp">
      <Filter>Source files\widgets</Filter>
    </ClCompile>
    <ClCompile Include="..\..\guisan-dev\src\widgets\icon.cpp">
      <Filter>Source files\widgets</Filter>
    </ClCompile>
    <ClCompile Include="..\..\guisan-dev\src\widgets\imagebutton.cpp">
      <Filter>Source files\widgets</Filter>
    </ClCompile>
    <ClCompile Include="..\..\guisan-dev\src\widgets\label.cpp">
      <Filter>Source files\widgets</Filter>
    </ClCompile>
    <ClCompile Include="..\..\guisan-dev\src\widgets\listbox.cpp">
      <Filter>Source files\widgets</Filter>
    </ClCompile>
    <ClCompile Include="..\..\guisan-dev\src\widgets\radiobutton.cpp">
      <Filter>Source files\widgets</Filter>
    </ClCompile>
    <ClCompile Include="..\..\guisan-dev\src\widgets\scrollarea.cpp">
      <Filter>Source files\widgets</Filter>
    </ClCompile>
    <ClCompile Include="..\..\guisan-dev\src\widgets\slider.cpp">
      <Filter>Source files\widgets</Filter>
    </ClCompile>
    <ClCompile Include="..\..\guisan-dev\src\widgets\tab.cpp">
      <Filter>Source files\widgets</Filter>
    </ClCompile>
    <ClCompile Include="..\..\guisan-dev\src\widgets\tabbedarea.cpp">
      <Filter>Source files\widgets</Filter>
    </ClCompile>
    <ClCompile Include="..\..\guisan-dev\src\widgets\textbox.cpp">
      <Filter>Source files\widgets</Filter>
    </ClCompile>
    <ClCompile Include="..\..\guisan-dev\src\widgets\textfield.cpp">
      <Filter>Source files\widgets</Filter>
    </ClCompile>
    <ClCompile Include="..\..\guisan-dev\src\widgets\window.cpp">
      <Filter>Source files\widgets</Filter>
    </ClCompile>
    <ClCompile Include="..\..\guisan-dev\src\widgets\progressbar.cpp">
      <Filter>Source files\widgets</Filter>
    </ClCompile>
  </ItemGroup>
  <ItemGroup>
    <ClInclude Include="..\..\guisan-dev\include\guisan.hpp">
      <Filter>Header files</Filter>
    </ClInclude>
    <ClInclude Include="..\..\guisan-dev\include\guisan-dev\actionevent.hpp">
      <Filter>Header files\guisan</Filter>
    </ClInclude>
    <ClInclude Include="..\..\guisan-dev\include\guisan-dev\actionlistener.hpp">
      <Filter>Header files\guisan</Filter>
    </ClInclude>
    <ClInclude Include="..\..\guisan-dev\include\guisan-dev\basiccontainer.hpp">
      <Filter>Header files\guisan</Filter>
    </ClInclude>
    <ClInclude Include="..\..\guisan-dev\include\guisan-dev\cliprectangle.hpp">
      <Filter>Header files\guisan</Filter>
    </ClInclude>
    <ClInclude Include="..\..\guisan-dev\include\guisan-dev\color.hpp">
      <Filter>Header files\guisan</Filter>
    </ClInclude>
    <ClInclude Include="..\..\guisan-dev\include\guisan-dev\deathlistener.hpp">
      <Filter>Header files\guisan</Filter>
    </ClInclude>
    <ClInclude Include="..\..\guisan-dev\include\guisan-dev\defaultfont.hpp">
      <Filter>Header files\guisan</Filter>
    </ClInclude>
    <ClInclude Include="..\..\guisan-dev\include\guisan-dev\event.hpp">
      <Filter>Header files\guisan</Filter>
    </ClInclude>
    <ClInclude Include="..\..\guisan-dev\include\guisan-dev\exception.hpp">
      <Filter>Header files\guisan</Filter>
    </ClInclude>
    <ClInclude Include="..\..\guisan-dev\include\guisan-dev\focushandler.hpp">
      <Filter>Header files\guisan</Filter>
    </ClInclude>
    <ClInclude Include="..\..\guisan-dev\include\guisan-dev\focuslistener.hpp">
      <Filter>Header files\guisan</Filter>
    </ClInclude>
    <ClInclude Include="..\..\guisan-dev\include\guisan-dev\font.hpp">
      <Filter>Header files\guisan</Filter>
    </ClInclude>
    <ClInclude Include="..\..\guisan-dev\include\guisan-dev\genericinput.hpp">
      <Filter>Header files\guisan</Filter>
    </ClInclude>
    <ClInclude Include="..\..\guisan-dev\include\guisan-dev\glut.hpp">
      <Filter>Header files\guisan</Filter>
    </ClInclude>
    <ClInclude Include="..\..\guisan-dev\include\guisan-dev\graphics.hpp">
      <Filter>Header files\guisan</Filter>
    </ClInclude>
    <ClInclude Include="..\..\guisan-dev\include\guisan-dev\gui.hpp">
      <Filter>Header files\guisan</Filter>
    </ClInclude>
    <ClInclude Include="..\..\guisan-dev\include\guisan-dev\image.hpp">
      <Filter>Header files\guisan</Filter>
    </ClInclude>
    <ClInclude Include="..\..\guisan-dev\include\guisan-dev\imagefont.hpp">
      <Filter>Header files\guisan</Filter>
    </ClInclude>
    <ClInclude Include="..\..\guisan-dev\include\guisan-dev\imageloader.hpp">
      <Filter>Header files\guisan</Filter>
    </ClInclude>
    <ClInclude Include="..\..\guisan-dev\include\guisan-dev\input.hpp">
      <Filter>Header files\guisan</Filter>
    </ClInclude>
    <ClInclude Include="..\..\guisan-dev\include\guisan-dev\inputevent.hpp">
      <Filter>Header files\guisan</Filter>
    </ClInclude>
    <ClInclude Include="..\..\guisan-dev\include\guisan-dev\key.hpp">
      <Filter>Header files\guisan</Filter>
    </ClInclude>
    <ClInclude Include="..\..\guisan-dev\include\guisan-dev\keyevent.hpp">
      <Filter>Header files\guisan</Filter>
    </ClInclude>
    <ClInclude Include="..\..\guisan-dev\include\guisan-dev\keyinput.hpp">
      <Filter>Header files\guisan</Filter>
    </ClInclude>
    <ClInclude Include="..\..\guisan-dev\include\guisan-dev\keylistener.hpp">
      <Filter>Header files\guisan</Filter>
    </ClInclude>
    <ClInclude Include="..\..\guisan-dev\include\guisan-dev\listmodel.hpp">
      <Filter>Header files\guisan</Filter>
    </ClInclude>
    <ClInclude Include="..\..\guisan-dev\include\guisan-dev\mouseevent.hpp">
      <Filter>Header files\guisan</Filter>
    </ClInclude>
    <ClInclude Include="..\..\guisan-dev\include\guisan-dev\mouseinput.hpp">
      <Filter>Header files\guisan</Filter>
    </ClInclude>
    <ClInclude Include="..\..\guisan-dev\include\guisan-dev\mouselistener.hpp">
      <Filter>Header files\guisan</Filter>
    </ClInclude>
    <ClInclude Include="..\..\guisan-dev\include\guisan-dev\opengl.hpp">
      <Filter>Header files\guisan</Filter>
    </ClInclude>
    <ClInclude Include="..\..\guisan-dev\include\guisan-dev\platform.hpp">
      <Filter>Header files\guisan</Filter>
    </ClInclude>
    <ClInclude Include="..\..\guisan-dev\include\guisan-dev\rectangle.hpp">
      <Filter>Header files\guisan</Filter>
    </ClInclude>
    <ClInclude Include="..\..\guisan-dev\include\guisan-dev\sdl.hpp">
      <Filter>Header files\guisan</Filter>
    </ClInclude>
    <ClInclude Include="..\..\guisan-dev\include\guisan-dev\selectionevent.hpp">
      <Filter>Header files\guisan</Filter>
    </ClInclude>
    <ClInclude Include="..\..\guisan-dev\include\guisan-dev\selectionlistener.hpp">
      <Filter>Header files\guisan</Filter>
    </ClInclude>
    <ClInclude Include="..\..\guisan-dev\include\guisan-dev\widget.hpp">
      <Filter>Header files\guisan</Filter>
    </ClInclude>
    <ClInclude Include="..\..\guisan-dev\include\guisan-dev\widgetlistener.hpp">
      <Filter>Header files\guisan</Filter>
    </ClInclude>
    <ClInclude Include="..\..\guisan-dev\include\guisan-dev\x.hpp">
      <Filter>Header files\guisan</Filter>
    </ClInclude>
    <ClInclude Include="..\..\guisan-dev\include\guisan-dev\opengl\openglgraphics.hpp">
      <Filter>Header files\guisan-dev\opengl</Filter>
    </ClInclude>
    <ClInclude Include="..\..\guisan-dev\include\guisan-dev\opengl\openglimage.hpp">
      <Filter>Header files\guisan-dev\opengl</Filter>
    </ClInclude>
    <ClInclude Include="..\..\guisan-dev\include\guisan-dev\opengl\openglsdlimageloader.hpp">
      <Filter>Header files\guisan-dev\opengl</Filter>
    </ClInclude>
    <ClInclude Include="..\..\guisan-dev\include\guisan-dev\sdl\sdlgraphics.hpp">
      <Filter>Header files\guisan-dev\sdl</Filter>
    </ClInclude>
    <ClInclude Include="..\..\guisan-dev\include\guisan-dev\sdl\sdlimage.hpp">
      <Filter>Header files\guisan-dev\sdl</Filter>
    </ClInclude>
    <ClInclude Include="..\..\guisan-dev\include\guisan-dev\sdl\sdlimageloader.hpp">
      <Filter>Header files\guisan-dev\sdl</Filter>
    </ClInclude>
    <ClInclude Include="..\..\guisan-dev\include\guisan-dev\sdl\sdlinput.hpp">
      <Filter>Header files\guisan-dev\sdl</Filter>
    </ClInclude>
    <ClInclude Include="..\..\guisan-dev\include\guisan-dev\sdl\sdlpixel.hpp">
      <Filter>Header files\guisan-dev\sdl</Filter>
    </ClInclude>
    <ClInclude Include="..\..\guisan-dev\include\guisan-dev\sdl\sdltruetypefont.hpp">
      <Filter>Header files\guisan-dev\sdl</Filter>
    </ClInclude>
    <ClInclude Include="..\..\guisan-dev\include\guisan-dev\widgets\button.hpp">
      <Filter>Header files\guisan-dev\widgets</Filter>
    </ClInclude>
    <ClInclude Include="..\..\guisan-dev\include\guisan-dev\widgets\checkbox.hpp">
      <Filter>Header files\guisan-dev\widgets</Filter>
    </ClInclude>
    <ClInclude Include="..\..\guisan-dev\include\guisan-dev\widgets\container.hpp">
      <Filter>Header files\guisan-dev\widgets</Filter>
    </ClInclude>
    <ClInclude Include="..\..\guisan-dev\include\guisan-dev\widgets\dropdown.hpp">
      <Filter>Header files\guisan-dev\widgets</Filter>
    </ClInclude>
    <ClInclude Include="..\..\guisan-dev\include\guisan-dev\widgets\icon.hpp">
      <Filter>Header files\guisan-dev\widgets</Filter>
    </ClInclude>
    <ClInclude Include="..\..\guisan-dev\include\guisan-dev\widgets\imagebutton.hpp">
      <Filter>Header files\guisan-dev\widgets</Filter>
    </ClInclude>
    <ClInclude Include="..\..\guisan-dev\include\guisan-dev\widgets\label.hpp">
      <Filter>Header files\guisan-dev\widgets</Filter>
    </ClInclude>
    <ClInclude Include="..\..\guisan-dev\include\guisan-dev\widgets\listbox.hpp">
      <Filter>Header files\guisan-dev\widgets</Filter>
    </ClInclude>
    <ClInclude Include="..\..\guisan-dev\include\guisan-dev\widgets\radiobutton.hpp">
      <Filter>Header files\guisan-dev\widgets</Filter>
    </ClInclude>
    <ClInclude Include="..\..\guisan-dev\include\guisan-dev\widgets\scrollarea.hpp">
      <Filter>Header files\guisan-dev\widgets</Filter>
    </ClInclude>
    <ClInclude Include="..\..\guisan-dev\include\guisan-dev\widgets\slider.hpp">
      <Filter>Header files\guisan-dev\widgets</Filter>
    </ClInclude>
    <ClInclude Include="..\..\guisan-dev\include\guisan-dev\widgets\tab.hpp">
      <Filter>Header files\guisan-dev\widgets</Filter>
    </ClInclude>
    <ClInclude Include="..\..\guisan-dev\include\guisan-dev\widgets\tabbedarea.hpp">
      <Filter>Header files\guisan-dev\widgets</Filter>
    </ClInclude>
    <ClInclude Include="..\..\guisan-dev\include\guisan-dev\widgets\textbox.hpp">
      <Filter>Header files\guisan-dev\widgets</Filter>
    </ClInclude>
    <ClInclude Include="..\..\guisan-dev\include\guisan-dev\widgets\textfield.hpp">
      <Filter>Header files\guisan-dev\widgets</Filter>
    </ClInclude>
    <ClInclude Include="..\..\guisan-dev\include\guisan-dev\widgets\window.hpp">
      <Filter>Header files\guisan-dev\widgets</Filter>
    </ClInclude>
    <ClInclude Include="..\..\guisan-dev\include\guisan-dev\widgets\progressbar.hpp">
      <Filter>Header files\guisan-dev\widgets</Filter>
    </ClInclude>
  </ItemGroup>
</Project>