<?xml version="1.0" encoding="utf-8"?>
<Project ToolsVersion="4.0" xmlns="http://schemas.microsoft.com/developer/msbuild/2003">
  <ItemGroup>
    <Filter Include="Source files">
      <UniqueIdentifier>{ccb30341-e9ea-46ba-98eb-1e7a7d1af6a3}</UniqueIdentifier>
      <Extensions>cpp;c;cc;cxx;def;odl;idl;hpj;bat;asm;asmx</Extensions>
    </Filter>
    <Filter Include="Resource files">
      <UniqueIdentifier>{01ac8c85-a9b5-45ae-8c49-276e5c2b39c3}</UniqueIdentifier>
      <Extensions>rc;ico;cur;bmp;dlg;rc2;rct;bin;rgs;gif;jpg;jpeg;jpe;resx;tiff;tif;png;wav</Extensions>
    </Filter>
    <Filter Include="VisualGDB settings">
      <UniqueIdentifier>{f5d3af86-1f0e-4d06-b7f9-bd31d32a07f5}</UniqueIdentifier>
    </Filter>
    <Filter Include="Source files\theaddep">
      <UniqueIdentifier>{252d34e9-e6ad-4780-8a55-b14f42f0647e}</UniqueIdentifier>
    </Filter>
    <Filter Include="Source files\sounddep">
      <UniqueIdentifier>{406f7c18-2b0e-4564-8646-fdaef3089f65}</UniqueIdentifier>
    </Filter>
    <Filter Include="Source files\osdep">
      <UniqueIdentifier>{29512242-0e9f-4bfa-b302-f46f792e55cd}</UniqueIdentifier>
    </Filter>
    <Filter Include="Source files\machdep">
      <UniqueIdentifier>{692678dd-cb3c-4cbe-9129-ec94629b7338}</UniqueIdentifier>
    </Filter>
    <Filter Include="Source files\jit">
      <UniqueIdentifier>{61084591-b8ad-4bff-812c-6685ce227703}</UniqueIdentifier>
    </Filter>
    <Filter Include="Source files\include">
      <UniqueIdentifier>{b9fe8227-2f8f-4f91-99ba-7fa48534a6a5}</UniqueIdentifier>
    </Filter>
    <Filter Include="Source files\archivers">
      <UniqueIdentifier>{c5f42271-3699-48bc-b191-8d228d015726}</UniqueIdentifier>
    </Filter>
    <Filter Include="Source files\osdep\gui">
      <UniqueIdentifier>{2b2927cd-0e38-41a3-ac39-8c396fe3853a}</UniqueIdentifier>
    </Filter>
    <Filter Include="Source files\include\uae">
      <UniqueIdentifier>{55a235d2-f9a9-4d86-b1bd-0f973f7b106b}</UniqueIdentifier>
    </Filter>
    <Filter Include="Source files\archivers\7z">
      <UniqueIdentifier>{3bd56cf7-b82d-4771-917a-843b444233ea}</UniqueIdentifier>
    </Filter>
    <Filter Include="Source files\archivers\dms">
      <UniqueIdentifier>{3fc08392-029f-4671-a9ec-0daafde4d7f8}</UniqueIdentifier>
    </Filter>
    <Filter Include="Source files\archivers\lha">
      <UniqueIdentifier>{7fa6d4fe-c886-42d5-b1a7-f45900ed060c}</UniqueIdentifier>
    </Filter>
    <Filter Include="Source files\archivers\lzx">
      <UniqueIdentifier>{ba78f482-8d20-44ef-bbca-3cf1b3f00205}</UniqueIdentifier>
    </Filter>
    <Filter Include="Source files\archivers\mp2">
      <UniqueIdentifier>{680b68ba-093a-403a-9c54-790b1cb5b001}</UniqueIdentifier>
    </Filter>
    <Filter Include="Source files\archivers\wrp">
      <UniqueIdentifier>{ce7e880e-cc14-4617-818e-2b3ba9eb5643}</UniqueIdentifier>
    </Filter>
    <Filter Include="Source files\archivers\zip">
      <UniqueIdentifier>{08ca7b92-10d6-48f5-bc08-bc91ccc3a9d0}</UniqueIdentifier>
    </Filter>
    <Filter Include="Source files\caps">
      <UniqueIdentifier>{0a52f580-62f7-4e5c-9275-c789d1fe0c19}</UniqueIdentifier>
    </Filter>
  </ItemGroup>
  <ItemGroup>
    <None Include="Amiberry-Debug.vgdbsettings">
      <Filter>VisualGDB settings</Filter>
    </None>
    <None Include="Amiberry-Release.vgdbsettings">
      <Filter>VisualGDB settings</Filter>
    </None>
    <None Include="..\..\src\inputevents.def">
      <Filter>Source files</Filter>
    </None>
    <None Include="..\..\src\aks.def">
      <Filter>Source files</Filter>
    </None>
    <None Include="..\..\src\jit\compemu_midfunc_arm.cpp.in">
      <Filter>Source files\jit</Filter>
    </None>
    <None Include="..\..\src\jit\compemu_midfunc_arm2.cpp.in">
      <Filter>Source files\jit</Filter>
    </None>
    <None Include="..\..\src\jit\compemu_midfunc_armA64.cpp.in">
      <Filter>Source files\jit</Filter>
    </None>
    <None Include="..\..\src\jit\compemu_midfunc_armA64_2.cpp.in">
      <Filter>Source files\jit</Filter>
    </None>
    <None Include="..\..\src\jit\codegen_arm.cpp.in">
      <Filter>Source files\jit</Filter>
    </None>
    <None Include="..\..\src\jit\codegen_armA64.cpp.in">
      <Filter>Source files\jit</Filter>
    </None>
    <None Include="Amiberry-Debug-dispmanx.vgdbsettings">
      <Filter>VisualGDB settings</Filter>
    </None>
    <None Include="Amiberry-Release-dispmanx.vgdbsettings">
      <Filter>VisualGDB settings</Filter>
    </None>
    <None Include="..\..\src\fpp_native.cpp.in">
      <Filter>Source files</Filter>
    </None>
    <None Include="..\..\src\linetoscr.cpp.in">
      <Filter>Source files</Filter>
    </None>
    <None Include="..\..\src\p96_blit.cpp.in">
      <Filter>Source files</Filter>
    </None>
    <None Include="..\..\src\sinctable.cpp.in">
      <Filter>Source files</Filter>
    </None>
  </ItemGroup>
  <ItemGroup>
    <ClCompile Include="..\..\src\akiko.cpp">
      <Filter>Source files</Filter>
    </ClCompile>
    <ClCompile Include="..\..\src\ar.cpp">
      <Filter>Source files</Filter>
    </ClCompile>
    <ClCompile Include="..\..\src\audio.cpp">
      <Filter>Source files</Filter>
    </ClCompile>
    <ClCompile Include="..\..\src\autoconf.cpp">
      <Filter>Source files</Filter>
    </ClCompile>
    <ClCompile Include="..\..\src\blitfunc.cpp">
      <Filter>Source files</Filter>
    </ClCompile>
    <ClCompile Include="..\..\src\blittable.cpp">
      <Filter>Source files</Filter>
    </ClCompile>
    <ClCompile Include="..\..\src\blitter.cpp">
      <Filter>Source files</Filter>
    </ClCompile>
    <ClCompile Include="..\..\src\blkdev.cpp">
      <Filter>Source files</Filter>
    </ClCompile>
    <ClCompile Include="..\..\src\blkdev_cdimage.cpp">
      <Filter>Source files</Filter>
    </ClCompile>
    <ClCompile Include="..\..\src\bsdsocket.cpp">
      <Filter>Source files</Filter>
    </ClCompile>
    <ClCompile Include="..\..\src\calc.cpp">
      <Filter>Source files</Filter>
    </ClCompile>
    <ClCompile Include="..\..\src\cd32_fmv.cpp">
      <Filter>Source files</Filter>
    </ClCompile>
    <ClCompile Include="..\..\src\cd32_fmv_genlock.cpp">
      <Filter>Source files</Filter>
    </ClCompile>
    <ClCompile Include="..\..\src\cdrom.cpp">
      <Filter>Source files</Filter>
    </ClCompile>
    <ClCompile Include="..\..\src\cfgfile.cpp">
      <Filter>Source files</Filter>
    </ClCompile>
    <ClCompile Include="..\..\src\cia.cpp">
      <Filter>Source files</Filter>
    </ClCompile>
    <ClCompile Include="..\..\src\cpudefs.cpp">
      <Filter>Source files</Filter>
    </ClCompile>
    <ClCompile Include="..\..\src\cpuemu_0.cpp">
      <Filter>Source files</Filter>
    </ClCompile>
    <ClCompile Include="..\..\src\cpuemu_4.cpp">
      <Filter>Source files</Filter>
    </ClCompile>
    <ClCompile Include="..\..\src\cpuemu_11.cpp">
      <Filter>Source files</Filter>
    </ClCompile>
    <ClCompile Include="..\..\src\cpuemu_40.cpp">
      <Filter>Source files</Filter>
    </ClCompile>
    <ClCompile Include="..\..\src\cpuemu_44.cpp">
      <Filter>Source files</Filter>
    </ClCompile>
    <ClCompile Include="..\..\src\cpustbl.cpp">
      <Filter>Source files</Filter>
    </ClCompile>
    <ClCompile Include="..\..\src\crc32.cpp">
      <Filter>Source files</Filter>
    </ClCompile>
    <ClCompile Include="..\..\src\custom.cpp">
      <Filter>Source files</Filter>
    </ClCompile>
    <ClCompile Include="..\..\src\devices.cpp">
      <Filter>Source files</Filter>
    </ClCompile>
    <ClCompile Include="..\..\src\disk.cpp">
      <Filter>Source files</Filter>
    </ClCompile>
    <ClCompile Include="..\..\src\diskutil.cpp">
      <Filter>Source files</Filter>
    </ClCompile>
    <ClCompile Include="..\..\src\drawing.cpp">
      <Filter>Source files</Filter>
    </ClCompile>
    <ClCompile Include="..\..\src\events.cpp">
      <Filter>Source files</Filter>
    </ClCompile>
    <ClCompile Include="..\..\src\expansion.cpp">
      <Filter>Source files</Filter>
    </ClCompile>
    <ClCompile Include="..\..\src\fdi2raw.cpp">
      <Filter>Source files</Filter>
    </ClCompile>
    <ClCompile Include="..\..\src\filesys.cpp">
      <Filter>Source files</Filter>
    </ClCompile>
    <ClCompile Include="..\..\src\flashrom.cpp">
      <Filter>Source files</Filter>
    </ClCompile>
    <ClCompile Include="..\..\src\fpp.cpp">
      <Filter>Source files</Filter>
    </ClCompile>
    <ClCompile Include="..\..\src\fsdb.cpp">
      <Filter>Source files</Filter>
    </ClCompile>
    <ClCompile Include="..\..\src\fsusage.cpp">
      <Filter>Source files</Filter>
    </ClCompile>
    <ClCompile Include="..\..\src\gayle.cpp">
      <Filter>Source files</Filter>
    </ClCompile>
    <ClCompile Include="..\..\src\gfxboard.cpp">
      <Filter>Source files</Filter>
    </ClCompile>
    <ClCompile Include="..\..\src\gfxutil.cpp">
      <Filter>Source files</Filter>
    </ClCompile>
    <ClCompile Include="..\..\src\hardfile.cpp">
      <Filter>Source files</Filter>
    </ClCompile>
    <ClCompile Include="..\..\src\ide.cpp">
      <Filter>Source files</Filter>
    </ClCompile>
    <ClCompile Include="..\..\src\inputdevice.cpp">
      <Filter>Source files</Filter>
    </ClCompile>
    <ClCompile Include="..\..\src\keybuf.cpp">
      <Filter>Source files</Filter>
    </ClCompile>
    <ClCompile Include="..\..\src\main.cpp">
      <Filter>Source files</Filter>
    </ClCompile>
    <ClCompile Include="..\..\src\memory.cpp">
      <Filter>Source files</Filter>
    </ClCompile>
    <ClCompile Include="..\..\src\native2amiga.cpp">
      <Filter>Source files</Filter>
    </ClCompile>
    <ClCompile Include="..\..\src\newcpu.cpp">
      <Filter>Source files</Filter>
    </ClCompile>
    <ClCompile Include="..\..\src\newcpu_common.cpp">
      <Filter>Source files</Filter>
    </ClCompile>
    <ClCompile Include="..\..\src\readcpu.cpp">
      <Filter>Source files</Filter>
    </ClCompile>
    <ClCompile Include="..\..\src\rommgr.cpp">
      <Filter>Source files</Filter>
    </ClCompile>
    <ClCompile Include="..\..\src\rtc.cpp">
      <Filter>Source files</Filter>
    </ClCompile>
    <ClCompile Include="..\..\src\savestate.cpp">
      <Filter>Source files</Filter>
    </ClCompile>
    <ClCompile Include="..\..\src\scsi.cpp">
      <Filter>Source files</Filter>
    </ClCompile>
    <ClCompile Include="..\..\src\statusline.cpp">
      <Filter>Source files</Filter>
    </ClCompile>
    <ClCompile Include="..\..\src\traps.cpp">
      <Filter>Source files</Filter>
    </ClCompile>
    <ClCompile Include="..\..\src\uaelib.cpp">
      <Filter>Source files</Filter>
    </ClCompile>
    <ClCompile Include="..\..\src\uaeresource.cpp">
      <Filter>Source files</Filter>
    </ClCompile>
    <ClCompile Include="..\..\src\zfile.cpp">
      <Filter>Source files</Filter>
    </ClCompile>
    <ClCompile Include="..\..\src\zfile_archive.cpp">
      <Filter>Source files</Filter>
    </ClCompile>
    <ClCompile Include="..\..\src\sounddep\sound.cpp">
      <Filter>Source files\sounddep</Filter>
    </ClCompile>
    <ClCompile Include="..\..\src\osdep\amiberry.cpp">
      <Filter>Source files\osdep</Filter>
    </ClCompile>
    <ClCompile Include="..\..\src\osdep\amiberry_filesys.cpp">
      <Filter>Source files\osdep</Filter>
    </ClCompile>
    <ClCompile Include="..\..\src\osdep\amiberry_gfx.cpp">
      <Filter>Source files\osdep</Filter>
    </ClCompile>
    <ClCompile Include="..\..\src\osdep\amiberry_gui.cpp">
      <Filter>Source files\osdep</Filter>
    </ClCompile>
    <ClCompile Include="..\..\src\osdep\amiberry_hardfile.cpp">
      <Filter>Source files\osdep</Filter>
    </ClCompile>
    <ClCompile Include="..\..\src\osdep\amiberry_input.cpp">
      <Filter>Source files\osdep</Filter>
    </ClCompile>
    <ClCompile Include="..\..\src\osdep\amiberry_mem.cpp">
      <Filter>Source files\osdep</Filter>
    </ClCompile>
    <ClCompile Include="..\..\src\osdep\bsdsocket_host.cpp">
      <Filter>Source files\osdep</Filter>
    </ClCompile>
    <ClCompile Include="..\..\src\osdep\cda_play.cpp">
      <Filter>Source files\osdep</Filter>
    </ClCompile>
    <ClCompile Include="..\..\src\osdep\charset.cpp">
      <Filter>Source files\osdep</Filter>
    </ClCompile>
    <ClCompile Include="..\..\src\osdep\fsdb_host.cpp">
      <Filter>Source files\osdep</Filter>
    </ClCompile>
    <ClCompile Include="..\..\src\osdep\keyboard.cpp">
      <Filter>Source files\osdep</Filter>
    </ClCompile>
    <ClCompile Include="..\..\src\osdep\mp3decoder.cpp">
      <Filter>Source files\osdep</Filter>
    </ClCompile>
    <ClCompile Include="..\..\src\osdep\neon_helper.s">
      <Filter>Source files\osdep</Filter>
    </ClCompile>
    <ClCompile Include="..\..\src\osdep\picasso96.cpp">
      <Filter>Source files\osdep</Filter>
    </ClCompile>
    <ClCompile Include="..\..\src\osdep\sigsegv_handler.cpp">
      <Filter>Source files\osdep</Filter>
    </ClCompile>
    <ClCompile Include="..\..\src\osdep\writelog.cpp">
      <Filter>Source files\osdep</Filter>
    </ClCompile>
    <ClCompile Include="..\..\src\osdep\gui\CreateFilesysHardfile.cpp">
      <Filter>Source files\osdep\gui</Filter>
    </ClCompile>
    <ClCompile Include="..\..\src\osdep\gui\EditFilesysHardfile.cpp">
      <Filter>Source files\osdep\gui</Filter>
    </ClCompile>
    <ClCompile Include="..\..\src\osdep\gui\EditFilesysVirtual.cpp">
      <Filter>Source files\osdep\gui</Filter>
    </ClCompile>
    <ClCompile Include="..\..\src\osdep\gui\main_window.cpp">
      <Filter>Source files\osdep\gui</Filter>
    </ClCompile>
    <ClCompile Include="..\..\src\osdep\gui\Navigation.cpp">
      <Filter>Source files\osdep\gui</Filter>
    </ClCompile>
    <ClCompile Include="..\..\src\osdep\gui\PanelChipset.cpp">
      <Filter>Source files\osdep\gui</Filter>
    </ClCompile>
    <ClCompile Include="..\..\src\osdep\gui\PanelConfig.cpp">
      <Filter>Source files\osdep\gui</Filter>
    </ClCompile>
    <ClCompile Include="..\..\src\osdep\gui\PanelCPU.cpp">
      <Filter>Source files\osdep\gui</Filter>
    </ClCompile>
    <ClCompile Include="..\..\src\osdep\gui\PanelCustom.cpp">
      <Filter>Source files\osdep\gui</Filter>
    </ClCompile>
    <ClCompile Include="..\..\src\osdep\gui\PanelDisplay.cpp">
      <Filter>Source files\osdep\gui</Filter>
    </ClCompile>
    <ClCompile Include="..\..\src\osdep\gui\PanelFloppy.cpp">
      <Filter>Source files\osdep\gui</Filter>
    </ClCompile>
    <ClCompile Include="..\..\src\osdep\gui\PanelHD.cpp">
      <Filter>Source files\osdep\gui</Filter>
    </ClCompile>
    <ClCompile Include="..\..\src\osdep\gui\PanelInput.cpp">
      <Filter>Source files\osdep\gui</Filter>
    </ClCompile>
    <ClCompile Include="..\..\src\osdep\gui\PanelMisc.cpp">
      <Filter>Source files\osdep\gui</Filter>
    </ClCompile>
    <ClCompile Include="..\..\src\osdep\gui\PanelPaths.cpp">
      <Filter>Source files\osdep\gui</Filter>
    </ClCompile>
    <ClCompile Include="..\..\src\osdep\gui\PanelQuickstart.cpp">
      <Filter>Source files\osdep\gui</Filter>
    </ClCompile>
    <ClCompile Include="..\..\src\osdep\gui\PanelRAM.cpp">
      <Filter>Source files\osdep\gui</Filter>
    </ClCompile>
    <ClCompile Include="..\..\src\osdep\gui\PanelROM.cpp">
      <Filter>Source files\osdep\gui</Filter>
    </ClCompile>
    <ClCompile Include="..\..\src\osdep\gui\PanelSavestate.cpp">
      <Filter>Source files\osdep\gui</Filter>
    </ClCompile>
    <ClCompile Include="..\..\src\osdep\gui\PanelSound.cpp">
      <Filter>Source files\osdep\gui</Filter>
    </ClCompile>
    <ClCompile Include="..\..\src\osdep\gui\SelectFile.cpp">
      <Filter>Source files\osdep\gui</Filter>
    </ClCompile>
    <ClCompile Include="..\..\src\osdep\gui\SelectFolder.cpp">
      <Filter>Source files\osdep\gui</Filter>
    </ClCompile>
    <ClCompile Include="..\..\src\osdep\gui\SelectorEntry.cpp">
      <Filter>Source files\osdep\gui</Filter>
    </ClCompile>
    <ClCompile Include="..\..\src\osdep\gui\ShowHelp.cpp">
      <Filter>Source files\osdep\gui</Filter>
    </ClCompile>
    <ClCompile Include="..\..\src\osdep\gui\ShowMessage.cpp">
      <Filter>Source files\osdep\gui</Filter>
    </ClCompile>
    <ClCompile Include="..\..\src\jit\compemu.cpp">
      <Filter>Source files\jit</Filter>
    </ClCompile>
    <ClCompile Include="..\..\src\jit\compemu_fpp.cpp">
      <Filter>Source files\jit</Filter>
    </ClCompile>
    <ClCompile Include="..\..\src\jit\compemu_support.cpp">
      <Filter>Source files\jit</Filter>
    </ClCompile>
    <ClCompile Include="..\..\src\jit\compstbl.cpp">
      <Filter>Source files\jit</Filter>
    </ClCompile>
    <ClCompile Include="..\..\src\machdep\support.cpp">
      <Filter>Source files\machdep</Filter>
    </ClCompile>
    <ClCompile Include="..\..\src\archivers\7z\7zAlloc.cpp">
      <Filter>Source files\archivers\7z</Filter>
    </ClCompile>
    <ClCompile Include="..\..\src\archivers\7z\7zBuf.cpp">
      <Filter>Source files\archivers\7z</Filter>
    </ClCompile>
    <ClCompile Include="..\..\src\archivers\7z\7zBuf2.c">
      <Filter>Source files\archivers\7z</Filter>
    </ClCompile>
    <ClCompile Include="..\..\src\archivers\7z\7zCrc.cpp">
      <Filter>Source files\archivers\7z</Filter>
    </ClCompile>
    <ClCompile Include="..\..\src\archivers\7z\7zCrcOpt.cpp">
      <Filter>Source files\archivers\7z</Filter>
    </ClCompile>
    <ClCompile Include="..\..\src\archivers\7z\7zDec.cpp">
      <Filter>Source files\archivers\7z</Filter>
    </ClCompile>
    <ClCompile Include="..\..\src\archivers\7z\7zFile.c">
      <Filter>Source files\archivers\7z</Filter>
    </ClCompile>
    <ClCompile Include="..\..\src\archivers\7z\7zIn.cpp">
      <Filter>Source files\archivers\7z</Filter>
    </ClCompile>
    <ClCompile Include="..\..\src\archivers\7z\7zStream.cpp">
      <Filter>Source files\archivers\7z</Filter>
    </ClCompile>
    <ClCompile Include="..\..\src\archivers\7z\Alloc.c">
      <Filter>Source files\archivers\7z</Filter>
    </ClCompile>
    <ClCompile Include="..\..\src\archivers\7z\Bcj2.cpp">
      <Filter>Source files\archivers\7z</Filter>
    </ClCompile>
    <ClCompile Include="..\..\src\archivers\7z\Bra.cpp">
      <Filter>Source files\archivers\7z</Filter>
    </ClCompile>
    <ClCompile Include="..\..\src\archivers\7z\Bra86.cpp">
      <Filter>Source files\archivers\7z</Filter>
    </ClCompile>
    <ClCompile Include="..\..\src\archivers\7z\BraIA64.c">
      <Filter>Source files\archivers\7z</Filter>
    </ClCompile>
    <ClCompile Include="..\..\src\archivers\7z\Delta.c">
      <Filter>Source files\archivers\7z</Filter>
    </ClCompile>
    <ClCompile Include="..\..\src\archivers\7z\LzFind.cpp">
      <Filter>Source files\archivers\7z</Filter>
    </ClCompile>
    <ClCompile Include="..\..\src\archivers\7z\Lzma2Dec.cpp">
      <Filter>Source files\archivers\7z</Filter>
    </ClCompile>
    <ClCompile Include="..\..\src\archivers\7z\Lzma86Dec.c">
      <Filter>Source files\archivers\7z</Filter>
    </ClCompile>
    <ClCompile Include="..\..\src\archivers\7z\LzmaDec.cpp">
      <Filter>Source files\archivers\7z</Filter>
    </ClCompile>
    <ClCompile Include="..\..\src\archivers\7z\LzmaLib.c">
      <Filter>Source files\archivers\7z</Filter>
    </ClCompile>
    <ClCompile Include="..\..\src\archivers\7z\Sha256.c">
      <Filter>Source files\archivers\7z</Filter>
    </ClCompile>
    <ClCompile Include="..\..\src\archivers\7z\Xz.cpp">
      <Filter>Source files\archivers\7z</Filter>
    </ClCompile>
    <ClCompile Include="..\..\src\archivers\7z\XzCrc64.c">
      <Filter>Source files\archivers\7z</Filter>
    </ClCompile>
    <ClCompile Include="..\..\src\archivers\7z\XzDec.c">
      <Filter>Source files\archivers\7z</Filter>
    </ClCompile>
    <ClCompile Include="..\..\src\archivers\7z\XzIn.c">
      <Filter>Source files\archivers\7z</Filter>
    </ClCompile>
    <ClCompile Include="..\..\src\archivers\dms\crc_csum.cpp">
      <Filter>Source files\archivers\dms</Filter>
    </ClCompile>
    <ClCompile Include="..\..\src\archivers\dms\getbits.cpp">
      <Filter>Source files\archivers\dms</Filter>
    </ClCompile>
    <ClCompile Include="..\..\src\archivers\dms\maketbl.cpp">
      <Filter>Source files\archivers\dms</Filter>
    </ClCompile>
    <ClCompile Include="..\..\src\archivers\dms\pfile.cpp">
      <Filter>Source files\archivers\dms</Filter>
    </ClCompile>
    <ClCompile Include="..\..\src\archivers\dms\tables.cpp">
      <Filter>Source files\archivers\dms</Filter>
    </ClCompile>
    <ClCompile Include="..\..\src\archivers\dms\u_deep.cpp">
      <Filter>Source files\archivers\dms</Filter>
    </ClCompile>
    <ClCompile Include="..\..\src\archivers\dms\u_heavy.cpp">
      <Filter>Source files\archivers\dms</Filter>
    </ClCompile>
    <ClCompile Include="..\..\src\archivers\dms\u_init.cpp">
      <Filter>Source files\archivers\dms</Filter>
    </ClCompile>
    <ClCompile Include="..\..\src\archivers\dms\u_medium.cpp">
      <Filter>Source files\archivers\dms</Filter>
    </ClCompile>
    <ClCompile Include="..\..\src\archivers\dms\u_quick.cpp">
      <Filter>Source files\archivers\dms</Filter>
    </ClCompile>
    <ClCompile Include="..\..\src\archivers\dms\u_rle.cpp">
      <Filter>Source files\archivers\dms</Filter>
    </ClCompile>
    <ClCompile Include="..\..\src\archivers\lha\crcio.cpp">
      <Filter>Source files\archivers\lha</Filter>
    </ClCompile>
    <ClCompile Include="..\..\src\archivers\lha\dhuf.cpp">
      <Filter>Source files\archivers\lha</Filter>
    </ClCompile>
    <ClCompile Include="..\..\src\archivers\lha\header.cpp">
      <Filter>Source files\archivers\lha</Filter>
    </ClCompile>
    <ClCompile Include="..\..\src\archivers\lha\huf.cpp">
      <Filter>Source files\archivers\lha</Filter>
    </ClCompile>
    <ClCompile Include="..\..\src\archivers\lha\larc.cpp">
      <Filter>Source files\archivers\lha</Filter>
    </ClCompile>
    <ClCompile Include="..\..\src\archivers\lha\lhamaketbl.cpp">
      <Filter>Source files\archivers\lha</Filter>
    </ClCompile>
    <ClCompile Include="..\..\src\archivers\lha\lharc.cpp">
      <Filter>Source files\archivers\lha</Filter>
    </ClCompile>
    <ClCompile Include="..\..\src\archivers\lha\shuf.cpp">
      <Filter>Source files\archivers\lha</Filter>
    </ClCompile>
    <ClCompile Include="..\..\src\archivers\lha\slide.cpp">
      <Filter>Source files\archivers\lha</Filter>
    </ClCompile>
    <ClCompile Include="..\..\src\archivers\lha\uae_lha.cpp">
      <Filter>Source files\archivers\lha</Filter>
    </ClCompile>
    <ClCompile Include="..\..\src\archivers\lha\util.cpp">
      <Filter>Source files\archivers\lha</Filter>
    </ClCompile>
    <ClCompile Include="..\..\src\archivers\lzx\unlzx.cpp">
      <Filter>Source files\archivers\lzx</Filter>
    </ClCompile>
    <ClCompile Include="..\..\src\archivers\mp2\kjmp2.cpp">
      <Filter>Source files\archivers\mp2</Filter>
    </ClCompile>
    <ClCompile Include="..\..\src\archivers\wrp\warp.cpp">
      <Filter>Source files\archivers\wrp</Filter>
    </ClCompile>
    <ClCompile Include="..\..\src\archivers\zip\unzip.cpp">
      <Filter>Source files\archivers\zip</Filter>
    </ClCompile>
    <ClCompile Include="..\..\src\hrtmon.rom.cpp">
      <Filter>Source files</Filter>
    </ClCompile>
    <ClCompile Include="..\..\src\archivers\7z\CpuArch.c">
      <Filter>Source files\archivers\7z</Filter>
    </ClCompile>
    <ClCompile Include="..\..\src\osdep\gui\PanelAbout.cpp">
      <Filter>Source files\osdep\gui</Filter>
    </ClCompile>
    <ClCompile Include="..\..\src\dlopen.cpp">
      <Filter>Source files</Filter>
    </ClCompile>
    <ClCompile Include="..\..\src\osdep\amiberry_whdbooter.cpp">
      <Filter>Source files\osdep</Filter>
    </ClCompile>
    <ClCompile Include="..\..\src\caps\caps_amiberry.cpp">
      <Filter>Source files\caps</Filter>
    </ClCompile>
    <ClCompile Include="..\..\src\scp.cpp">
      <Filter>Source files</Filter>
    </ClCompile>
    <ClCompile Include="..\..\src\def_icons.cpp">
      <Filter>Source files</Filter>
    </ClCompile>
    <ClCompile Include="..\..\src\cdtv.cpp">
      <Filter>Source files</Filter>
    </ClCompile>
    <ClCompile Include="..\..\src\cdtvcr.cpp">
      <Filter>Source files</Filter>
    </ClCompile>
    <ClCompile Include="..\..\src\isofs.cpp">
      <Filter>Source files</Filter>
    </ClCompile>
    <ClCompile Include="..\..\src\scsiemul.cpp">
      <Filter>Source files</Filter>
    </ClCompile>
    <ClCompile Include="..\..\src\vm.cpp">
      <Filter>Source files</Filter>
    </ClCompile>
    <ClCompile Include="..\..\src\consolehook.cpp">
      <Filter>Source files</Filter>
    </ClCompile>
    <ClCompile Include="..\..\src\osdep\clipboard.cpp">
      <Filter>Source files\osdep</Filter>
    </ClCompile>
    <ClCompile Include="..\..\src\uaeexe.cpp">
      <Filter>Source files</Filter>
    </ClCompile>
    <ClCompile Include="..\..\src\tabletlibrary.cpp">
      <Filter>Source files</Filter>
    </ClCompile>
    <ClCompile Include="..\..\src\osdep\gui\PanelPrio.cpp">
      <Filter>Source files\osdep\gui</Filter>
    </ClCompile>
    <ClCompile Include="..\..\src\driveclick.cpp">
      <Filter>Source files</Filter>
    </ClCompile>
    <ClCompile Include="..\..\src\tinyxml2.cpp">
      <Filter>Source files</Filter>
    </ClCompile>
    <ClCompile Include="..\..\src\osdep\retroarch.cpp">
      <Filter>Source files\osdep</Filter>
    </ClCompile>
    <ClCompile Include="..\..\src\parser.cpp">
      <Filter>Source files</Filter>
    </ClCompile>
    <ClCompile Include="..\..\src\serial_win32.cpp">
      <Filter>Source files</Filter>
    </ClCompile>
    <ClCompile Include="..\..\src\uaenative.cpp">
      <Filter>Source files</Filter>
    </ClCompile>
    <ClCompile Include="..\..\src\threaddep\threading.cpp">
      <Filter>Source files\theaddep</Filter>
    </ClCompile>
    <ClCompile Include="..\..\src\scsitape.cpp">
      <Filter>Source files</Filter>
    </ClCompile>
    <ClCompile Include="..\..\src\ini.cpp">
      <Filter>Source files</Filter>
    </ClCompile>
    <ClCompile Include="..\..\src\osdep\ahi_v1.cpp">
      <Filter>Source files\osdep</Filter>
    </ClCompile>
    <ClCompile Include="..\..\src\osdep\ahi_v2.cpp">
      <Filter>Source files\osdep</Filter>
    </ClCompile>
    <ClCompile Include="..\..\src\osdep\gui\PanelRTG.cpp">
      <Filter>Source files\osdep\gui</Filter>
    </ClCompile>
    <ClCompile Include="..\..\src\osdep\gui\PanelHWInfo.cpp">
      <Filter>Source files\osdep\gui</Filter>
    </ClCompile>
    <ClCompile Include="..\..\src\osdep\gui\ShowDiskInfo.cpp">
      <Filter>Source files\osdep\gui</Filter>
    </ClCompile>
    <ClCompile Include="..\..\src\cpuemu_13.cpp">
      <Filter>Source files</Filter>
    </ClCompile>
  </ItemGroup>
  <ItemGroup>
    <ClInclude Include="..\..\src\threaddep\thread.h">
      <Filter>Source files\theaddep</Filter>
    </ClInclude>
    <ClInclude Include="..\..\src\sounddep\sound.h">
      <Filter>Source files\sounddep</Filter>
    </ClInclude>
    <ClInclude Include="..\..\src\osdep\amiberry_gfx.h">
      <Filter>Source files\osdep</Filter>
    </ClInclude>
    <ClInclude Include="..\..\src\osdep\cda_play.h">
      <Filter>Source files\osdep</Filter>
    </ClInclude>
    <ClInclude Include="..\..\src\osdep\config.h">
      <Filter>Source files\osdep</Filter>
    </ClInclude>
    <ClInclude Include="..\..\src\osdep\mp3decoder.h">
      <Filter>Source files\osdep</Filter>
    </ClInclude>
    <ClInclude Include="..\..\src\osdep\picasso96.h">
      <Filter>Source files\osdep</Filter>
    </ClInclude>
    <ClInclude Include="..\..\src\osdep\sysconfig.h">
      <Filter>Source files\osdep</Filter>
    </ClInclude>
    <ClInclude Include="..\..\src\osdep\target.h">
      <Filter>Source files\osdep</Filter>
    </ClInclude>
    <ClInclude Include="..\..\src\osdep\gui\gui_handling.h">
      <Filter>Source files\osdep\gui</Filter>
    </ClInclude>
    <ClInclude Include="..\..\src\osdep\gui\SelectorEntry.hpp">
      <Filter>Source files\osdep\gui</Filter>
    </ClInclude>
    <ClInclude Include="..\..\src\include\akiko.h">
      <Filter>Source files\include</Filter>
    </ClInclude>
    <ClInclude Include="..\..\src\include\ar.h">
      <Filter>Source files\include</Filter>
    </ClInclude>
    <ClInclude Include="..\..\src\include\audio.h">
      <Filter>Source files\include</Filter>
    </ClInclude>
    <ClInclude Include="..\..\src\include\autoconf.h">
      <Filter>Source files\include</Filter>
    </ClInclude>
    <ClInclude Include="..\..\src\include\blitter.h">
      <Filter>Source files\include</Filter>
    </ClInclude>
    <ClInclude Include="..\..\src\include\blkdev.h">
      <Filter>Source files\include</Filter>
    </ClInclude>
    <ClInclude Include="..\..\src\include\bsdsocket.h">
      <Filter>Source files\include</Filter>
    </ClInclude>
    <ClInclude Include="..\..\src\include\calc.h">
      <Filter>Source files\include</Filter>
    </ClInclude>
    <ClInclude Include="..\..\src\include\cd32_fmv.h">
      <Filter>Source files\include</Filter>
    </ClInclude>
    <ClInclude Include="..\..\src\include\cia.h">
      <Filter>Source files\include</Filter>
    </ClInclude>
    <ClInclude Include="..\..\src\include\commpipe.h">
      <Filter>Source files\include</Filter>
    </ClInclude>
    <ClInclude Include="..\..\src\include\cpu_prefetch.h">
      <Filter>Source files\include</Filter>
    </ClInclude>
    <ClInclude Include="..\..\src\include\cpummu.h">
      <Filter>Source files\include</Filter>
    </ClInclude>
    <ClInclude Include="..\..\src\include\crc32.h">
      <Filter>Source files\include</Filter>
    </ClInclude>
    <ClInclude Include="..\..\src\include\custom.h">
      <Filter>Source files\include</Filter>
    </ClInclude>
    <ClInclude Include="..\..\src\include\devices.h">
      <Filter>Source files\include</Filter>
    </ClInclude>
    <ClInclude Include="..\..\src\include\disk.h">
      <Filter>Source files\include</Filter>
    </ClInclude>
    <ClInclude Include="..\..\src\include\diskutil.h">
      <Filter>Source files\include</Filter>
    </ClInclude>
    <ClInclude Include="..\..\src\include\drawing.h">
      <Filter>Source files\include</Filter>
    </ClInclude>
    <ClInclude Include="..\..\src\include\events.h">
      <Filter>Source files\include</Filter>
    </ClInclude>
    <ClInclude Include="..\..\src\include\execio.h">
      <Filter>Source files\include</Filter>
    </ClInclude>
    <ClInclude Include="..\..\src\include\execlib.h">
      <Filter>Source files\include</Filter>
    </ClInclude>
    <ClInclude Include="..\..\src\include\fdi2raw.h">
      <Filter>Source files\include</Filter>
    </ClInclude>
    <ClInclude Include="..\..\src\include\filesys.h">
      <Filter>Source files\include</Filter>
    </ClInclude>
    <ClInclude Include="..\..\src\include\flags_arm.h">
      <Filter>Source files\include</Filter>
    </ClInclude>
    <ClInclude Include="..\..\src\include\flashrom.h">
      <Filter>Source files\include</Filter>
    </ClInclude>
    <ClInclude Include="..\..\src\include\fpp.h">
      <Filter>Source files\include</Filter>
    </ClInclude>
    <ClInclude Include="..\..\src\include\fsdb.h">
      <Filter>Source files\include</Filter>
    </ClInclude>
    <ClInclude Include="..\..\src\include\fsusage.h">
      <Filter>Source files\include</Filter>
    </ClInclude>
    <ClInclude Include="..\..\src\include\gayle.h">
      <Filter>Source files\include</Filter>
    </ClInclude>
    <ClInclude Include="..\..\src\include\gensound.h">
      <Filter>Source files\include</Filter>
    </ClInclude>
    <ClInclude Include="..\..\src\include\gfxboard.h">
      <Filter>Source files\include</Filter>
    </ClInclude>
    <ClInclude Include="..\..\src\include\gui.h">
      <Filter>Source files\include</Filter>
    </ClInclude>
    <ClInclude Include="..\..\src\include\ide.h">
      <Filter>Source files\include</Filter>
    </ClInclude>
    <ClInclude Include="..\..\src\include\inputdevice.h">
      <Filter>Source files\include</Filter>
    </ClInclude>
    <ClInclude Include="..\..\src\include\keyboard.h">
      <Filter>Source files\include</Filter>
    </ClInclude>
    <ClInclude Include="..\..\src\include\keybuf.h">
      <Filter>Source files\include</Filter>
    </ClInclude>
    <ClInclude Include="..\..\src\include\memory.h">
      <Filter>Source files\include</Filter>
    </ClInclude>
    <ClInclude Include="..\..\src\include\mmu_common.h">
      <Filter>Source files\include</Filter>
    </ClInclude>
    <ClInclude Include="..\..\src\include\native2amiga.h">
      <Filter>Source files\include</Filter>
    </ClInclude>
    <ClInclude Include="..\..\src\include\native2amiga_api.h">
      <Filter>Source files\include</Filter>
    </ClInclude>
    <ClInclude Include="..\..\src\include\newcpu.h">
      <Filter>Source files\include</Filter>
    </ClInclude>
    <ClInclude Include="..\..\src\include\options.h">
      <Filter>Source files\include</Filter>
    </ClInclude>
    <ClInclude Include="..\..\src\include\readcpu.h">
      <Filter>Source files\include</Filter>
    </ClInclude>
    <ClInclude Include="..\..\src\include\rommgr.h">
      <Filter>Source files\include</Filter>
    </ClInclude>
    <ClInclude Include="..\..\src\include\rtc.h">
      <Filter>Source files\include</Filter>
    </ClInclude>
    <ClInclude Include="..\..\src\include\rtgmodes.h">
      <Filter>Source files\include</Filter>
    </ClInclude>
    <ClInclude Include="..\..\src\include\savestate.h">
      <Filter>Source files\include</Filter>
    </ClInclude>
    <ClInclude Include="..\..\src\include\scsi.h">
      <Filter>Source files\include</Filter>
    </ClInclude>
    <ClInclude Include="..\..\src\include\statusline.h">
      <Filter>Source files\include</Filter>
    </ClInclude>
    <ClInclude Include="..\..\src\include\sysdeps.h">
      <Filter>Source files\include</Filter>
    </ClInclude>
    <ClInclude Include="..\..\src\include\traps.h">
      <Filter>Source files\include</Filter>
    </ClInclude>
    <ClInclude Include="..\..\src\include\uae.h">
      <Filter>Source files\include</Filter>
    </ClInclude>
    <ClInclude Include="..\..\src\include\uaeresource.h">
      <Filter>Source files\include</Filter>
    </ClInclude>
    <ClInclude Include="..\..\src\include\xwin.h">
      <Filter>Source files\include</Filter>
    </ClInclude>
    <ClInclude Include="..\..\src\include\zarchive.h">
      <Filter>Source files\include</Filter>
    </ClInclude>
    <ClInclude Include="..\..\src\include\zfile.h">
      <Filter>Source files\include</Filter>
    </ClInclude>
    <ClInclude Include="..\..\src\include\uae\likely.h">
      <Filter>Source files\include\uae</Filter>
    </ClInclude>
    <ClInclude Include="..\..\src\include\uae\mman.h">
      <Filter>Source files\include\uae</Filter>
    </ClInclude>
    <ClInclude Include="..\..\src\include\uae\string.h">
      <Filter>Source files\include\uae</Filter>
    </ClInclude>
    <ClInclude Include="..\..\src\include\uae\types.h">
      <Filter>Source files\include\uae</Filter>
    </ClInclude>
    <ClInclude Include="..\..\src\jit\compemu.h">
      <Filter>Source files\jit</Filter>
    </ClInclude>
    <ClInclude Include="..\..\src\jit\comptbl.h">
      <Filter>Source files\jit</Filter>
    </ClInclude>
    <ClInclude Include="..\..\src\machdep\m68k.h">
      <Filter>Source files\machdep</Filter>
    </ClInclude>
    <ClInclude Include="..\..\src\machdep\maccess.h">
      <Filter>Source files\machdep</Filter>
    </ClInclude>
    <ClInclude Include="..\..\src\machdep\rpt.h">
      <Filter>Source files\machdep</Filter>
    </ClInclude>
    <ClInclude Include="..\..\src\archivers\7z\7z.h">
      <Filter>Source files\archivers\7z</Filter>
    </ClInclude>
    <ClInclude Include="..\..\src\archivers\7z\7zAlloc.h">
      <Filter>Source files\archivers\7z</Filter>
    </ClInclude>
    <ClInclude Include="..\..\src\archivers\7z\7zBuf.h">
      <Filter>Source files\archivers\7z</Filter>
    </ClInclude>
    <ClInclude Include="..\..\src\archivers\7z\7zCrc.h">
      <Filter>Source files\archivers\7z</Filter>
    </ClInclude>
    <ClInclude Include="..\..\src\archivers\7z\7zFile.h">
      <Filter>Source files\archivers\7z</Filter>
    </ClInclude>
    <ClInclude Include="..\..\src\archivers\7z\7zVersion.h">
      <Filter>Source files\archivers\7z</Filter>
    </ClInclude>
    <ClInclude Include="..\..\src\archivers\7z\Alloc.h">
      <Filter>Source files\archivers\7z</Filter>
    </ClInclude>
    <ClInclude Include="..\..\src\archivers\7z\Bcj2.h">
      <Filter>Source files\archivers\7z</Filter>
    </ClInclude>
    <ClInclude Include="..\..\src\archivers\7z\Bra.h">
      <Filter>Source files\archivers\7z</Filter>
    </ClInclude>
    <ClInclude Include="..\..\src\archivers\7z\Delta.h">
      <Filter>Source files\archivers\7z</Filter>
    </ClInclude>
    <ClInclude Include="..\..\src\archivers\7z\LzFind.h">
      <Filter>Source files\archivers\7z</Filter>
    </ClInclude>
    <ClInclude Include="..\..\src\archivers\7z\LzHash.h">
      <Filter>Source files\archivers\7z</Filter>
    </ClInclude>
    <ClInclude Include="..\..\src\archivers\7z\Lzma2Dec.h">
      <Filter>Source files\archivers\7z</Filter>
    </ClInclude>
    <ClInclude Include="..\..\src\archivers\7z\Lzma86.h">
      <Filter>Source files\archivers\7z</Filter>
    </ClInclude>
    <ClInclude Include="..\..\src\archivers\7z\LzmaDec.h">
      <Filter>Source files\archivers\7z</Filter>
    </ClInclude>
    <ClInclude Include="..\..\src\archivers\7z\LzmaLib.h">
      <Filter>Source files\archivers\7z</Filter>
    </ClInclude>
    <ClInclude Include="..\..\src\archivers\7z\RotateDefs.h">
      <Filter>Source files\archivers\7z</Filter>
    </ClInclude>
    <ClInclude Include="..\..\src\archivers\7z\Sha256.h">
      <Filter>Source files\archivers\7z</Filter>
    </ClInclude>
    <ClInclude Include="..\..\src\archivers\7z\Types.h">
      <Filter>Source files\archivers\7z</Filter>
    </ClInclude>
    <ClInclude Include="..\..\src\archivers\7z\Xz.h">
      <Filter>Source files\archivers\7z</Filter>
    </ClInclude>
    <ClInclude Include="..\..\src\archivers\7z\XzCrc64.h">
      <Filter>Source files\archivers\7z</Filter>
    </ClInclude>
    <ClInclude Include="..\..\src\archivers\dms\cdata.h">
      <Filter>Source files\archivers\dms</Filter>
    </ClInclude>
    <ClInclude Include="..\..\src\archivers\dms\crc_csum.h">
      <Filter>Source files\archivers\dms</Filter>
    </ClInclude>
    <ClInclude Include="..\..\src\archivers\dms\getbits.h">
      <Filter>Source files\archivers\dms</Filter>
    </ClInclude>
    <ClInclude Include="..\..\src\archivers\dms\maketbl.h">
      <Filter>Source files\archivers\dms</Filter>
    </ClInclude>
    <ClInclude Include="..\..\src\archivers\dms\pfile.h">
      <Filter>Source files\archivers\dms</Filter>
    </ClInclude>
    <ClInclude Include="..\..\src\archivers\dms\tables.h">
      <Filter>Source files\archivers\dms</Filter>
    </ClInclude>
    <ClInclude Include="..\..\src\archivers\dms\u_deep.h">
      <Filter>Source files\archivers\dms</Filter>
    </ClInclude>
    <ClInclude Include="..\..\src\archivers\dms\u_heavy.h">
      <Filter>Source files\archivers\dms</Filter>
    </ClInclude>
    <ClInclude Include="..\..\src\archivers\dms\u_init.h">
      <Filter>Source files\archivers\dms</Filter>
    </ClInclude>
    <ClInclude Include="..\..\src\archivers\dms\u_medium.h">
      <Filter>Source files\archivers\dms</Filter>
    </ClInclude>
    <ClInclude Include="..\..\src\archivers\dms\u_quick.h">
      <Filter>Source files\archivers\dms</Filter>
    </ClInclude>
    <ClInclude Include="..\..\src\archivers\dms\u_rle.h">
      <Filter>Source files\archivers\dms</Filter>
    </ClInclude>
    <ClInclude Include="..\..\src\archivers\lha\lha.h">
      <Filter>Source files\archivers\lha</Filter>
    </ClInclude>
    <ClInclude Include="..\..\src\archivers\lha\lha_macro.h">
      <Filter>Source files\archivers\lha</Filter>
    </ClInclude>
    <ClInclude Include="..\..\src\archivers\mp2\kjmp2.h">
      <Filter>Source files\archivers\mp2</Filter>
    </ClInclude>
    <ClInclude Include="..\..\src\archivers\wrp\warp.h">
      <Filter>Source files\archivers\wrp</Filter>
    </ClInclude>
    <ClInclude Include="..\..\src\archivers\zip\unzip.h">
      <Filter>Source files\archivers\zip</Filter>
    </ClInclude>
    <ClInclude Include="..\..\src\archivers\7z\CpuArch.h">
      <Filter>Source files\archivers\7z</Filter>
    </ClInclude>
    <ClInclude Include="..\..\src\include\uae\dlopen.h">
      <Filter>Source files\include\uae</Filter>
    </ClInclude>
    <ClInclude Include="..\..\src\include\uae\uae.h">
      <Filter>Source files\include\uae</Filter>
    </ClInclude>
    <ClInclude Include="..\..\src\include\uae\caps.h">
      <Filter>Source files\include\uae</Filter>
    </ClInclude>
    <ClInclude Include="..\..\src\caps\CapsAPI.h">
      <Filter>Source files\caps</Filter>
    </ClInclude>
    <ClInclude Include="..\..\src\caps\Comtype.h">
      <Filter>Source files\caps</Filter>
    </ClInclude>
    <ClInclude Include="..\..\src\include\blit.h">
      <Filter>Source files\include</Filter>
    </ClInclude>
    <ClInclude Include="..\..\src\include\blitfunc.h">
      <Filter>Source files\include</Filter>
    </ClInclude>
    <ClInclude Include="..\..\src\include\cputbl.h">
      <Filter>Source files\include</Filter>
    </ClInclude>
    <ClInclude Include="..\..\src\include\scp.h">
      <Filter>Source files\include</Filter>
    </ClInclude>
    <ClInclude Include="..\..\src\include\cdtv.h">
      <Filter>Source files\include</Filter>
    </ClInclude>
    <ClInclude Include="..\..\src\include\cdtvcr.h">
      <Filter>Source files\include</Filter>
    </ClInclude>
    <ClInclude Include="..\..\src\include\isofs.h">
      <Filter>Source files\include</Filter>
    </ClInclude>
    <ClInclude Include="..\..\src\include\isofs_api.h">
      <Filter>Source files\include</Filter>
    </ClInclude>
    <ClInclude Include="..\..\src\include\scsidev.h">
      <Filter>Source files\include</Filter>
    </ClInclude>
    <ClInclude Include="..\..\src\include\cpummu030.h">
      <Filter>Source files\include</Filter>
    </ClInclude>
    <ClInclude Include="..\..\src\include\uae\vm.h">
      <Filter>Source files\include\uae</Filter>
    </ClInclude>
    <ClInclude Include="..\..\src\include\consolehook.h">
      <Filter>Source files\include</Filter>
    </ClInclude>
    <ClInclude Include="..\..\src\include\clipboard.h">
      <Filter>Source files\include</Filter>
    </ClInclude>
    <ClInclude Include="..\..\src\include\uaeexe.h">
      <Filter>Source files\include</Filter>
    </ClInclude>
    <ClInclude Include="..\..\src\include\tabletlibrary.h">
      <Filter>Source files\include</Filter>
    </ClInclude>
    <ClInclude Include="..\..\src\osdep\amiberry_filesys.hpp">
      <Filter>Source files\osdep</Filter>
    </ClInclude>
    <ClInclude Include="..\..\src\include\driveclick.h">
      <Filter>Source files\include</Filter>
    </ClInclude>
    <ClInclude Include="..\..\src\jit\compemu_midfunc_arm.h">
      <Filter>Source files\jit</Filter>
    </ClInclude>
    <ClInclude Include="..\..\src\jit\compemu_midfunc_arm2.h">
      <Filter>Source files\jit</Filter>
    </ClInclude>
    <ClInclude Include="..\..\src\jit\codegen_arm.h">
      <Filter>Source files\jit</Filter>
    </ClInclude>
    <ClInclude Include="..\..\src\jit\codegen_armA64.h">
      <Filter>Source files\jit</Filter>
    </ClInclude>
    <ClInclude Include="..\..\src\jit\aarch64.h">
      <Filter>Source files\jit</Filter>
    </ClInclude>
    <ClInclude Include="..\..\src\include\cpuboard.h">
      <Filter>Source files\include</Filter>
    </ClInclude>
    <ClInclude Include="..\..\src\include\sana2.h">
      <Filter>Source files\include</Filter>
    </ClInclude>
    <ClInclude Include="..\..\src\include\ethernet.h">
      <Filter>Source files\include</Filter>
    </ClInclude>
    <ClInclude Include="..\..\src\include\tinyxml2.h">
      <Filter>Source files\include</Filter>
    </ClInclude>
    <ClInclude Include="..\..\src\osdep\amiberry_input.h">
      <Filter>Source files\osdep</Filter>
    </ClInclude>
    <ClInclude Include="..\..\src\include\uni_common.h">
      <Filter>Source files\include</Filter>
    </ClInclude>
    <ClInclude Include="..\..\src\include\uaenative.h">
      <Filter>Source files\include</Filter>
    </ClInclude>
    <ClInclude Include="..\..\src\include\uae\cdrom.h">
      <Filter>Source files\include\uae</Filter>
    </ClInclude>
    <ClInclude Include="..\..\src\include\ini.h">
      <Filter>Source files\include</Filter>
    </ClInclude>
    <ClInclude Include="..\..\src\osdep\fsdb_host.h">
      <Filter>Source files\osdep</Filter>
    </ClInclude>
    <ClInclude Include="..\..\src\osdep\ahi_v1.h">
      <Filter>Source files\osdep</Filter>
    </ClInclude>
    <ClInclude Include="..\..\src\osdep\ahi_v2.h">
      <Filter>Source files\osdep</Filter>
    </ClInclude>
    <ClInclude Include="..\..\src\include\parallel.h">
      <Filter>Source files\include</Filter>
    </ClInclude>
  </ItemGroup>
</Project>